<?xml version="1.0" encoding="utf-8"?>
<Project ToolsVersion="4.0" xmlns="http://schemas.microsoft.com/developer/msbuild/2003">
  <ItemGroup>
    <Filter Include="Source Files">
      <UniqueIdentifier>{4FC737F1-C7A5-4376-A066-2A32D752A2FF}</UniqueIdentifier>
      <Extensions>cpp;c;cc;cxx;c++;cppm;ixx;def;odl;idl;hpj;bat;asm;asmx</Extensions>
    </Filter>
    <Filter Include="Header Files">
      <UniqueIdentifier>{93995380-89BD-4b04-88EB-625FBE52EBFB}</UniqueIdentifier>
      <Extensions>h;hh;hpp;hxx;h++;hm;inl;inc;ipp;xsd</Extensions>
    </Filter>
    <Filter Include="Resource Files">
      <UniqueIdentifier>{67DA6AB6-F800-4c08-8B7A-83BB121AAD01}</UniqueIdentifier>
      <Extensions>rc;ico;cur;bmp;dlg;rc2;rct;bin;rgs;gif;jpg;jpeg;jpe;resx;tiff;tif;png;wav;mfcribbon-ms</Extensions>
    </Filter>
    <Filter Include="Resource Files\Objects">
      <UniqueIdentifier>{954cea71-28c1-4ff5-800c-234006655f6b}</UniqueIdentifier>
    </Filter>
    <Filter Include="Resource Files\Objects\Triangle">
      <UniqueIdentifier>{ea2f8d60-6f49-4af4-95b4-c900ddb4cb6c}</UniqueIdentifier>
    </Filter>
    <Filter Include="Resource Files\Objects\Square">
      <UniqueIdentifier>{211dbd90-9541-4c29-8500-d45feefbe607}</UniqueIdentifier>
    </Filter>
    <Filter Include="Resource Files\Objects\Cube">
      <UniqueIdentifier>{29842cb2-560d-45dd-869b-1e21ebcf6ba3}</UniqueIdentifier>
    </Filter>
  </ItemGroup>
  <ItemGroup>
    <ClCompile Include="Main.cpp">
      <Filter>Source Files</Filter>
    </ClCompile>
    <ClCompile Include="Square.cpp">
      <Filter>Resource Files\Objects\Square</Filter>
    </ClCompile>
    <ClCompile Include="Triangle.cpp">
      <Filter>Resource Files\Objects\Triangle</Filter>
    </ClCompile>
    <ClCompile Include="Camera.cpp">
      <Filter>Source Files</Filter>
    </ClCompile>
    <ClCompile Include="Cube.cpp">
      <Filter>Resource Files\Objects\Cube</Filter>
    </ClCompile>
    <ClCompile Include="Scene.cpp">
      <Filter>Source Files</Filter>
    </ClCompile>
  </ItemGroup>
  <ItemGroup>
    <ClInclude Include="Types.h">
      <Filter>Source Files</Filter>
    </ClInclude>
    <ClInclude Include="Square.h">
      <Filter>Resource Files\Objects\Square</Filter>
    </ClInclude>
    <ClInclude Include="Triangle.h">
      <Filter>Resource Files\Objects\Triangle</Filter>
    </ClInclude>
    <ClInclude Include="Camera.h">
      <Filter>Header Files</Filter>
    </ClInclude>
    <ClInclude Include="Cube.h">
      <Filter>Resource Files\Objects\Cube</Filter>
    </ClInclude>
    <ClInclude Include="IObject.h">
      <Filter>Source Files</Filter>
    </ClInclude>
    <ClInclude Include="Scene.h">
      <Filter>Header Files</Filter>
    </ClInclude>
  </ItemGroup>
  <ItemGroup>
    <None Include="shaders.hlsl">
      <Filter>Resource Files\Objects</Filter>
    </None>
  </ItemGroup>
</Project>